
Microsoft Visual Studio Solution File, Format Version 12.00
# Visual Studio Version 16
VisualStudioVersion = 16.0.30204.135
MinimumVisualStudioVersion = 10.0.40219.1
Project("{9A19103F-16F7-4668-BE54-9A1E7A4F7556}") = "Shop.UI", "Shop.UI\Shop.UI.csproj", "{FF776F0F-FDFC-419E-B7BD-09C966D0C49E}"
EndProject
Project("{9A19103F-16F7-4668-BE54-9A1E7A4F7556}") = "Shop.Domain", "Shop.Domain\Shop.Domain.csproj", "{18E08092-860E-4F2C-B482-E1E895A6A320}"
EndProject
Project("{9A19103F-16F7-4668-BE54-9A1E7A4F7556}") = "Shop.Application", "Shop.Application\Shop.Application.csproj", "{1012B34F-0F61-4DA6-88A5-CC84BB4CC831}"
EndProject
Project("{9A19103F-16F7-4668-BE54-9A1E7A4F7556}") = "Shop.Database", "Shop.Database\Shop.Database.csproj", "{BEE14CAE-0235-4260-A3AF-52BC1FFA12F2}"
EndProject
Global
	GlobalSection(SolutionConfigurationPlatforms) = preSolution
		Debug|Any CPU = Debug|Any CPU
		Release|Any CPU = Release|Any CPU
	EndGlobalSection
	GlobalSection(ProjectConfigurationPlatforms) = postSolution
		{FF776F0F-FDFC-419E-B7BD-09C966D0C49E}.Debug|Any CPU.ActiveCfg = Debug|Any CPU
		{FF776F0F-FDFC-419E-B7BD-09C966D0C49E}.Debug|Any CPU.Build.0 = Debug|Any CPU
		{FF776F0F-FDFC-419E-B7BD-09C966D0C49E}.Release|Any CPU.ActiveCfg = Release|Any CPU
		{FF776F0F-FDFC-419E-B7BD-09C966D0C49E}.Release|Any CPU.Build.0 = Release|Any CPU
		{18E08092-860E-4F2C-B482-E1E895A6A320}.Debug|Any CPU.ActiveCfg = Debug|Any CPU
		{18E08092-860E-4F2C-B482-E1E895A6A320}.Debug|Any CPU.Build.0 = Debug|Any CPU
		{18E08092-860E-4F2C-B482-E1E895A6A320}.Release|Any CPU.ActiveCfg = Release|Any CPU
		{18E08092-860E-4F2C-B482-E1E895A6A320}.Release|Any CPU.Build.0 = Release|Any CPU
		{1012B34F-0F61-4DA6-88A5-CC84BB4CC831}.Debug|Any CPU.ActiveCfg = Debug|Any CPU
		{1012B34F-0F61-4DA6-88A5-CC84BB4CC831}.Debug|Any CPU.Build.0 = Debug|Any CPU
		{1012B34F-0F61-4DA6-88A5-CC84BB4CC831}.Release|Any CPU.ActiveCfg = Release|Any CPU
		{1012B34F-0F61-4DA6-88A5-CC84BB4CC831}.Release|Any CPU.Build.0 = Release|Any CPU
		{BEE14CAE-0235-4260-A3AF-52BC1FFA12F2}.Debug|Any CPU.ActiveCfg = Debug|Any CPU
		{BEE14CAE-0235-4260-A3AF-52BC1FFA12F2}.Debug|Any CPU.Build.0 = Debug|Any CPU
		{BEE14CAE-0235-4260-A3AF-52BC1FFA12F2}.Release|Any CPU.ActiveCfg = Release|Any CPU
		{BEE14CAE-0235-4260-A3AF-52BC1FFA12F2}.Release|Any CPU.Build.0 = Release|Any CPU
	EndGlobalSection
	GlobalSection(SolutionProperties) = preSolution
		HideSolutionNode = FALSE
	EndGlobalSection
	GlobalSection(ExtensibilityGlobals) = postSolution
		SolutionGuid = {141486AD-405E-404B-9B0D-35DC84BD5466}
	EndGlobalSection
EndGlobal
